
Microsoft Visual Studio Solution File, Format Version 11.00
# Visual Studio 2010
Project("{E24C65DC-7377-472B-9ABA-BC803B73C61A}") = "webroot", ".", "{140383D5-3C1B-4710-9EE4-3ACFE234DD5A}"
	ProjectSection(WebsiteProperties) = preProject
		TargetFrameworkMoniker = ".NETFramework,Version%3Dv4.0"
		Debug.AspNetCompiler.VirtualPath = "/webroot"
		Debug.AspNetCompiler.PhysicalPath = "..\..\..\..\..\..\Parkcare\webroot\"
		Debug.AspNetCompiler.TargetPath = "PrecompiledWeb\webroot\"
		Debug.AspNetCompiler.Updateable = "true"
		Debug.AspNetCompiler.ForceOverwrite = "true"
		Debug.AspNetCompiler.FixedNames = "false"
		Debug.AspNetCompiler.Debug = "True"
		Release.AspNetCompiler.VirtualPath = "/webroot"
		Release.AspNetCompiler.PhysicalPath = "..\..\..\..\..\..\Parkcare\webroot\"
		Release.AspNetCompiler.TargetPath = "PrecompiledWeb\webroot\"
		Release.AspNetCompiler.Updateable = "true"
		Release.AspNetCompiler.ForceOverwrite = "true"
		Release.AspNetCompiler.FixedNames = "false"
		Release.AspNetCompiler.Debug = "False"
		VWDPort = "3524"
	EndProjectSection
EndProject
Global
	GlobalSection(SolutionConfigurationPlatforms) = preSolution
		Debug|Any CPU = Debug|Any CPU
	EndGlobalSection
	GlobalSection(ProjectConfigurationPlatforms) = postSolution
		{140383D5-3C1B-4710-9EE4-3ACFE234DD5A}.Debug|Any CPU.ActiveCfg = Debug|Any CPU
		{140383D5-3C1B-4710-9EE4-3ACFE234DD5A}.Debug|Any CPU.Build.0 = Debug|Any CPU
	EndGlobalSection
	GlobalSection(SolutionProperties) = preSolution
		HideSolutionNode = FALSE
	EndGlobalSection
EndGlobal
